# THIS IS AN AUTOGENERATED FILE. DO NOT EDIT THIS FILE DIRECTLY.
# yarn lockfile v1


"@types/node-fetch@^2.1.2":
  version "2.1.2"
  resolved "https://registry.yarnpkg.com/@types/node-fetch/-/node-fetch-2.1.2.tgz#8c5da14d70321e4c4ecd5db668e3f93cf6c7399f"
  dependencies:
    "@types/node" "*"

"@types/node@*":
  version "8.5.2"
  resolved "https://registry.yarnpkg.com/@types/node/-/node-8.5.2.tgz#83b8103fa9a2c2e83d78f701a9aa7c9539739aa5"

"@types/node@^10.5.4":
  version "10.5.4"
  resolved "https://registry.yarnpkg.com/@types/node/-/node-10.5.4.tgz#6eccc158504357d1da91434d75e86acde94bb10b"

node-fetch@^2.2.0:
  version "2.2.0"
  resolved "https://registry.yarnpkg.com/node-fetch/-/node-fetch-2.2.0.tgz#4ee79bde909262f9775f731e3656d0db55ced5b5"

typescript@^3.0.1:
  version "3.0.1"
  resolved "https://registry.yarnpkg.com/typescript/-/typescript-3.0.1.tgz#43738f29585d3a87575520a4b93ab6026ef11fdb"
